
Microsoft Visual Studio Solution File, Format Version 12.00
# Visual Studio Version 17
VisualStudioVersion = 17.5.002.0
MinimumVisualStudioVersion = 10.0.40219.1
Project("{9A19103F-16F7-4668-BE54-9A1E7A4F7556}") = "BotBom", "BotBom.csproj", "{E7428162-1EF8-40E7-B173-030357BCD01D}"
EndProject
Global
	GlobalSection(SolutionConfigurationPlatforms) = preSolution
		Debug|Any CPU = Debug|Any CPU
		Release|Any CPU = Release|Any CPU
	EndGlobalSection
	GlobalSection(ProjectConfigurationPlatforms) = postSolution
		{E7428162-1EF8-40E7-B173-030357BCD01D}.Debug|Any CPU.ActiveCfg = Debug|Any CPU
		{E7428162-1EF8-40E7-B173-030357BCD01D}.Debug|Any CPU.Build.0 = Debug|Any CPU
		{E7428162-1EF8-40E7-B173-030357BCD01D}.Release|Any CPU.ActiveCfg = Release|Any CPU
		{E7428162-1EF8-40E7-B173-030357BCD01D}.Release|Any CPU.Build.0 = Release|Any CPU
	EndGlobalSection
	GlobalSection(SolutionProperties) = preSolution
		HideSolutionNode = FALSE
	EndGlobalSection
	GlobalSection(ExtensibilityGlobals) = postSolution
		SolutionGuid = {CAE4DFCF-CF38-4E3A-A418-4413EBB88051}
	EndGlobalSection
EndGlobal
